
Microsoft Visual Studio Solution File, Format Version 12.00
# Visual Studio Version 17
VisualStudioVersion = 17.8.34525.116
MinimumVisualStudioVersion = 10.0.40219.1
Project("{888888A0-9F3D-457C-B088-3A5042F75D52}") = "EyeInsideV1", "EyeInsideV1\EyeInsideV1.pyproj", "{3AAD60B8-1346-4171-A1B8-E70447C8946D}"
EndProject
Global
	GlobalSection(SolutionConfigurationPlatforms) = preSolution
		Debug|Any CPU = Debug|Any CPU
		Release|Any CPU = Release|Any CPU
	EndGlobalSection
	GlobalSection(ProjectConfigurationPlatforms) = postSolution
		{3AAD60B8-1346-4171-A1B8-E70447C8946D}.Debug|Any CPU.ActiveCfg = Debug|Any CPU
		{3AAD60B8-1346-4171-A1B8-E70447C8946D}.Release|Any CPU.ActiveCfg = Release|Any CPU
	EndGlobalSection
	GlobalSection(SolutionProperties) = preSolution
		HideSolutionNode = FALSE
	EndGlobalSection
	GlobalSection(ExtensibilityGlobals) = postSolution
		SolutionGuid = {A70745B1-F7DD-40A8-B67D-F6E572AA9260}
	EndGlobalSection
EndGlobal
